
Microsoft Visual Studio Solution File, Format Version 12.00
# Visual Studio Version 17
VisualStudioVersion = 17.11.35208.52
MinimumVisualStudioVersion = 10.0.40219.1
Project("{FAE04EC0-301F-11D3-BF4B-00C04F79EFBC}") = "Presentacion", "Presentacion\Presentacion.csproj", "{71066C7C-7EE6-4EC4-A181-7033193E9DAB}"
EndProject
Global
	GlobalSection(SolutionConfigurationPlatforms) = preSolution
		Debug|Any CPU = Debug|Any CPU
		Release|Any CPU = Release|Any CPU
	EndGlobalSection
	GlobalSection(ProjectConfigurationPlatforms) = postSolution
		{71066C7C-7EE6-4EC4-A181-7033193E9DAB}.Debug|Any CPU.ActiveCfg = Debug|Any CPU
		{71066C7C-7EE6-4EC4-A181-7033193E9DAB}.Debug|Any CPU.Build.0 = Debug|Any CPU
		{71066C7C-7EE6-4EC4-A181-7033193E9DAB}.Release|Any CPU.ActiveCfg = Release|Any CPU
		{71066C7C-7EE6-4EC4-A181-7033193E9DAB}.Release|Any CPU.Build.0 = Release|Any CPU
	EndGlobalSection
	GlobalSection(SolutionProperties) = preSolution
		HideSolutionNode = FALSE
	EndGlobalSection
	GlobalSection(ExtensibilityGlobals) = postSolution
		SolutionGuid = {09FEEB50-F40B-4DD3-9307-BCD9D48D5003}
	EndGlobalSection
EndGlobal
